PODS:
  - Alamofire (4.5.1)
  - CLImagePickerTool (2.1.4)
  - EDHInputAccessoryView (0.1.1):
    - EDHUtility (~> 0.1)
    - FontAwesomeKit (~> 2.1)
  - EDHUtility (0.1.2)
  - FontAwesomeKit (2.2.1):
    - FontAwesomeKit/Core (= 2.2.1)
    - FontAwesomeKit/FontAwesome (= 2.2.1)
    - FontAwesomeKit/FoundationIcons (= 2.2.1)
    - FontAwesomeKit/IonIcons (= 2.2.1)
    - FontAwesomeKit/Material (= 2.2.1)
    - FontAwesomeKit/Octicons (= 2.2.1)
    - FontAwesomeKit/Zocial (= 2.2.1)
  - FontAwesomeKit/Core (2.2.1)
  - FontAwesomeKit/FontAwesome (2.2.1):
    - FontAwesomeKit/Core
  - FontAwesomeKit/FoundationIcons (2.2.1):
    - FontAwesomeKit/Core
  - FontAwesomeKit/IonIcons (2.2.1):
    - FontAwesomeKit/Core
  - FontAwesomeKit/Material (2.2.1):
    - FontAwesomeKit/Core
  - FontAwesomeKit/Octicons (2.2.1):
    - FontAwesomeKit/Core
  - FontAwesomeKit/Zocial (2.2.1):
    - FontAwesomeKit/Core
  - KeychainAccess (3.1.0)
  - Moya (10.0.0):
    - Moya/Core (= 10.0.0)
  - Moya/Core (10.0.0):
    - Alamofire (~> 4.1)
    - Result (~> 3.0)
  - PKHUD (5.0.0)
  - Result (3.2.4)
  - RxCocoa (4.0.0):
    - RxSwift (~> 4.0)
  - RxSwift (4.0.0)
  - SwiftyJSON (3.1.4)

DEPENDENCIES:
  - Alamofire
  - CLImagePickerTool
  - EDHInputAccessoryView
  - KeychainAccess
  - Moya (~> 10)
  - PKHUD
  - RxCocoa
  - RxSwift
  - SwiftyJSON

SPEC REPOS:
  https://github.com/cocoapods/specs.git:
    - Alamofire
    - CLImagePickerTool
    - EDHInputAccessoryView
    - EDHUtility
    - FontAwesomeKit
    - KeychainAccess
    - Moya
    - PKHUD
    - Result
    - RxCocoa
    - RxSwift
    - SwiftyJSON

SPEC CHECKSUMS:
  Alamofire: 2d95912bf4c34f164fdfc335872e8c312acaea4a
  CLImagePickerTool: d8152a6bf7c780e6c558c3db52e5577acdefec0e
  EDHInputAccessoryView: 3e15385630d6dabb335c52981ffde957d192c8d0
  EDHUtility: 9e888c6880f52318e6f018374adb3d15c749f4a5
  FontAwesomeKit: 3614979b3dbb0ec3f7fac1bd760b91f66c31db67
  KeychainAccess: 94c5540b32eabf7bc32bfb976a268e8ea05fd6da
  Moya: adb58b0f4e58430db43cc6e2f6ebab1836501186
  PKHUD: 3c001512c6e002091184197a8de7a20420786e3b
  Result: d2d07204ce72856f1fd9130bbe42c35a7b0fea10
  RxCocoa: d62846ca96495d862fa4c59ea7d87e5031d7340e
  RxSwift: fd680d75283beb5e2559486f3c0ff852f0d35334
  SwiftyJSON: c2842d878f95482ffceec5709abc3d05680c0220

PODFILE CHECKSUM: 85ebaab118493f9ebfc958bcda815c499b1515d2

COCOAPODS: 1.5.3
